
Microsoft Visual Studio Solution File, Format Version 12.00
# Visual Studio Version 16
VisualStudioVersion = 16.0.32228.343
MinimumVisualStudioVersion = 10.0.40219.1
Project("{FAE04EC0-301F-11D3-BF4B-00C04F79EFBC}") = "WebApplication1", "WebApplication1.csproj", "{4DE2415D-6E60-4E31-AB11-64119622E6D1}"
EndProject
Global
	GlobalSection(SolutionConfigurationPlatforms) = preSolution
		Debug|Any CPU = Debug|Any CPU
		Release|Any CPU = Release|Any CPU
	EndGlobalSection
	GlobalSection(ProjectConfigurationPlatforms) = postSolution
		{4DE2415D-6E60-4E31-AB11-64119622E6D1}.Debug|Any CPU.ActiveCfg = Debug|Any CPU
		{4DE2415D-6E60-4E31-AB11-64119622E6D1}.Debug|Any CPU.Build.0 = Debug|Any CPU
		{4DE2415D-6E60-4E31-AB11-64119622E6D1}.Release|Any CPU.ActiveCfg = Release|Any CPU
		{4DE2415D-6E60-4E31-AB11-64119622E6D1}.Release|Any CPU.Build.0 = Release|Any CPU
	EndGlobalSection
	GlobalSection(SolutionProperties) = preSolution
		HideSolutionNode = FALSE
	EndGlobalSection
	GlobalSection(ExtensibilityGlobals) = postSolution
		SolutionGuid = {115C1B50-B3E3-412E-98DB-B54D103F5A6E}
	EndGlobalSection
EndGlobal
